
Microsoft Visual Studio Solution File, Format Version 12.00
# Visual Studio Version 17
VisualStudioVersion = 17.4.33213.308
MinimumVisualStudioVersion = 10.0.40219.1
Project("{FAE04EC0-301F-11D3-BF4B-00C04F79EFBC}") = "InheritanceAssignment", "InheritanceAssignment\InheritanceAssignment.csproj", "{4328663A-3345-44D6-91DE-EBDB0597D719}"
EndProject
Global
	GlobalSection(SolutionConfigurationPlatforms) = preSolution
		Debug|Any CPU = Debug|Any CPU
		Release|Any CPU = Release|Any CPU
	EndGlobalSection
	GlobalSection(ProjectConfigurationPlatforms) = postSolution
		{4328663A-3345-44D6-91DE-EBDB0597D719}.Debug|Any CPU.ActiveCfg = Debug|Any CPU
		{4328663A-3345-44D6-91DE-EBDB0597D719}.Debug|Any CPU.Build.0 = Debug|Any CPU
		{4328663A-3345-44D6-91DE-EBDB0597D719}.Release|Any CPU.ActiveCfg = Release|Any CPU
		{4328663A-3345-44D6-91DE-EBDB0597D719}.Release|Any CPU.Build.0 = Release|Any CPU
	EndGlobalSection
	GlobalSection(SolutionProperties) = preSolution
		HideSolutionNode = FALSE
	EndGlobalSection
	GlobalSection(ExtensibilityGlobals) = postSolution
		SolutionGuid = {A988E7F7-B8EF-4E66-86FD-EDAF5444E5D5}
	EndGlobalSection
EndGlobal
